
Microsoft Visual Studio Solution File, Format Version 12.00
# Visual Studio Version 17
VisualStudioVersion = 17.5.002.0
MinimumVisualStudioVersion = 10.0.40219.1
Project("{2150E333-8FDC-42A3-9474-1A3956D46DE8}") = "src", "src", "{20417027-4CB1-4F62-975A-CE330515EC65}"
EndProject
Project("{9A19103F-16F7-4668-BE54-9A1E7A4F7556}") = "Lunet", "src\Lunet\Lunet.csproj", "{47CF8C40-3BA7-4622-88C1-52ECBA45A441}"
EndProject
Global
	GlobalSection(SolutionConfigurationPlatforms) = preSolution
		Debug|Any CPU = Debug|Any CPU
		Release|Any CPU = Release|Any CPU
	EndGlobalSection
	GlobalSection(ProjectConfigurationPlatforms) = postSolution
		{47CF8C40-3BA7-4622-88C1-52ECBA45A441}.Debug|Any CPU.ActiveCfg = Debug|Any CPU
		{47CF8C40-3BA7-4622-88C1-52ECBA45A441}.Debug|Any CPU.Build.0 = Debug|Any CPU
		{47CF8C40-3BA7-4622-88C1-52ECBA45A441}.Release|Any CPU.ActiveCfg = Release|Any CPU
		{47CF8C40-3BA7-4622-88C1-52ECBA45A441}.Release|Any CPU.Build.0 = Release|Any CPU
	EndGlobalSection
	GlobalSection(SolutionProperties) = preSolution
		HideSolutionNode = FALSE
	EndGlobalSection
	GlobalSection(NestedProjects) = preSolution
		{47CF8C40-3BA7-4622-88C1-52ECBA45A441} = {20417027-4CB1-4F62-975A-CE330515EC65}
	EndGlobalSection
	GlobalSection(ExtensibilityGlobals) = postSolution
		SolutionGuid = {30668FE3-DC31-4D95-B770-CF556A8E91BB}
	EndGlobalSection
EndGlobal
